
Microsoft Visual Studio Solution File, Format Version 12.00
# Visual Studio Version 17
VisualStudioVersion = 17.12.35424.110
MinimumVisualStudioVersion = 10.0.40219.1
Project("{FAE04EC0-301F-11D3-BF4B-00C04F79EFBC}") = "LGPU-Sha256", "LGPU-Sha256\LGPU-Sha256.csproj", "{76D6BEF6-19CD-43B1-A395-FD3588615AB6}"
EndProject
Project("{2150E333-8FDC-42A3-9474-1A3956D46DE8}") = "Solution Items", "Solution Items", "{F55B611C-58FC-459E-9E3D-60FE8FBFAF0B}"
	ProjectSection(SolutionItems) = preProject
		.gitignore = .gitignore
	EndProjectSection
EndProject
Global
	GlobalSection(SolutionConfigurationPlatforms) = preSolution
		Debug|Any CPU = Debug|Any CPU
		Release|Any CPU = Release|Any CPU
	EndGlobalSection
	GlobalSection(ProjectConfigurationPlatforms) = postSolution
		{76D6BEF6-19CD-43B1-A395-FD3588615AB6}.Debug|Any CPU.ActiveCfg = Debug|Any CPU
		{76D6BEF6-19CD-43B1-A395-FD3588615AB6}.Debug|Any CPU.Build.0 = Debug|Any CPU
		{76D6BEF6-19CD-43B1-A395-FD3588615AB6}.Release|Any CPU.ActiveCfg = Release|Any CPU
		{76D6BEF6-19CD-43B1-A395-FD3588615AB6}.Release|Any CPU.Build.0 = Release|Any CPU
	EndGlobalSection
	GlobalSection(SolutionProperties) = preSolution
		HideSolutionNode = FALSE
	EndGlobalSection
EndGlobal
